
Microsoft Visual Studio Solution File, Format Version 12.00
# Visual Studio Version 17
VisualStudioVersion = 17.8.34511.84
MinimumVisualStudioVersion = 10.0.40219.1
Project("{FAE04EC0-301F-11D3-BF4B-00C04F79EFBC}") = "COMP003A.Assignment2", "COMP003A.Assignment2\COMP003A.Assignment2.csproj", "{4EAC7736-9011-46C4-AFA9-D03BB92E105A}"
EndProject
Global
	GlobalSection(SolutionConfigurationPlatforms) = preSolution
		Debug|Any CPU = Debug|Any CPU
		Release|Any CPU = Release|Any CPU
	EndGlobalSection
	GlobalSection(ProjectConfigurationPlatforms) = postSolution
		{4EAC7736-9011-46C4-AFA9-D03BB92E105A}.Debug|Any CPU.ActiveCfg = Debug|Any CPU
		{4EAC7736-9011-46C4-AFA9-D03BB92E105A}.Debug|Any CPU.Build.0 = Debug|Any CPU
		{4EAC7736-9011-46C4-AFA9-D03BB92E105A}.Release|Any CPU.ActiveCfg = Release|Any CPU
		{4EAC7736-9011-46C4-AFA9-D03BB92E105A}.Release|Any CPU.Build.0 = Release|Any CPU
	EndGlobalSection
	GlobalSection(SolutionProperties) = preSolution
		HideSolutionNode = FALSE
	EndGlobalSection
	GlobalSection(ExtensibilityGlobals) = postSolution
		SolutionGuid = {6C6058E7-8363-40B8-86B4-52669538F303}
	EndGlobalSection
EndGlobal
